{
  "requires": true,
  "lockfileVersion": 1,
  "dependencies": {
    "dotenv": {
      "version": "6.2.0",
      "resolved": "https://registry.npmjs.org/dotenv/-/dotenv-6.2.0.tgz",
      "integrity": "sha512-HygQCKUBSFl8wKQZBSemMywRWcEDNidvNbjGVyZu3nbZ8qq9ubiPoGLMdRDpfSrpkkm9BXYFkpKxxFX38o/76w=="
    },
    "dotenv-defaults": {
      "version": "1.1.1",
      "resolved": "https://registry.npmjs.org/dotenv-defaults/-/dotenv-defaults-1.1.1.tgz",
      "integrity": "sha512-6fPRo9o/3MxKvmRZBD3oNFdxODdhJtIy1zcJeUSCs6HCy4tarUpd+G67UTU9tF6OWXeSPqsm4fPAB+2eY9Rt9Q==",
      "requires": {
        "dotenv": "^6.2.0"
      }
    },
    "dotenv-webpack": {
      "version": "1.7.0",
      "resolved": "https://registry.npmjs.org/dotenv-webpack/-/dotenv-webpack-1.7.0.tgz",
      "integrity": "sha512-wwNtOBW/6gLQSkb8p43y0Wts970A3xtNiG/mpwj9MLUhtPCQG6i+/DSXXoNN7fbPCU/vQ7JjwGmgOeGZSSZnsw==",
      "requires": {
        "dotenv-defaults": "^1.0.2"
      }
    }
  }
}
